
Microsoft Visual Studio Solution File, Format Version 12.00
# Visual Studio 15
VisualStudioVersion = 15.0.28010.2048
MinimumVisualStudioVersion = 10.0.40219.1
Project("{FAE04EC0-301F-11D3-BF4B-00C04F79EFBC}") = "WeighMan", "WeighMan\WeighMan.csproj", "{AA524630-30E4-40B7-B4DE-69F87D0465B7}"
EndProject
Global
	GlobalSection(SolutionConfigurationPlatforms) = preSolution
		Debug|Any CPU = Debug|Any CPU
		Release|Any CPU = Release|Any CPU
	EndGlobalSection
	GlobalSection(ProjectConfigurationPlatforms) = postSolution
		{AA524630-30E4-40B7-B4DE-69F87D0465B7}.Debug|Any CPU.ActiveCfg = Debug|Any CPU
		{AA524630-30E4-40B7-B4DE-69F87D0465B7}.Debug|Any CPU.Build.0 = Debug|Any CPU
		{AA524630-30E4-40B7-B4DE-69F87D0465B7}.Release|Any CPU.ActiveCfg = Release|Any CPU
		{AA524630-30E4-40B7-B4DE-69F87D0465B7}.Release|Any CPU.Build.0 = Release|Any CPU
	EndGlobalSection
	GlobalSection(SolutionProperties) = preSolution
		HideSolutionNode = FALSE
	EndGlobalSection
	GlobalSection(ExtensibilityGlobals) = postSolution
		SolutionGuid = {23D4F666-C862-4091-90D1-0FB98A541890}
	EndGlobalSection
EndGlobal
